
Microsoft Visual Studio Solution File, Format Version 12.00
# Visual Studio Version 16
VisualStudioVersion = 16.0.29728.190
MinimumVisualStudioVersion = 10.0.40219.1
Project("{FAE04EC0-301F-11D3-BF4B-00C04F79EFBC}") = "01. USD to BGN", "01. USD to BGN\01. USD to BGN.csproj", "{B987F0C6-64FF-497F-A49C-FF7CD929EF9D}"
EndProject
Project("{FAE04EC0-301F-11D3-BF4B-00C04F79EFBC}") = "02. Radians to Degrees", "02. Radians to Degrees\02. Radians to Degrees.csproj", "{166DBDA4-9972-43F2-AB22-7FDEB5A55960}"
EndProject
Project("{FAE04EC0-301F-11D3-BF4B-00C04F79EFBC}") = "03. 2D Rectangle Area", "03. 2D Rectangle Area\03. 2D Rectangle Area.csproj", "{8B2991DE-6ACE-4420-BA10-055D79ACE282}"
EndProject
Project("{FAE04EC0-301F-11D3-BF4B-00C04F79EFBC}") = "04. Tailoring Workshop", "04. Tailoring Workshop\04. Tailoring Workshop.csproj", "{FA104216-7551-4B89-B76D-89240A03BD33}"
EndProject
Project("{FAE04EC0-301F-11D3-BF4B-00C04F79EFBC}") = "05. Dance Hall", "05. Dance Hall\05. Dance Hall.csproj", "{D9C9D125-A91E-4C72-B0CF-4C399395A202}"
EndProject
Project("{FAE04EC0-301F-11D3-BF4B-00C04F79EFBC}") = "06. Charity Campaign", "06. Charity Campaign\06. Charity Campaign.csproj", "{00BA4390-A290-4C4A-8D39-15BFCF99DB9F}"
EndProject
Project("{FAE04EC0-301F-11D3-BF4B-00C04F79EFBC}") = "07. Alcohol Market", "07. Alcohol Market\07. Alcohol Market.csproj", "{C72FE87B-1B69-4D21-95D0-469069ACAF21}"
EndProject
Global
	GlobalSection(SolutionConfigurationPlatforms) = preSolution
		Debug|Any CPU = Debug|Any CPU
		Release|Any CPU = Release|Any CPU
	EndGlobalSection
	GlobalSection(ProjectConfigurationPlatforms) = postSolution
		{B987F0C6-64FF-497F-A49C-FF7CD929EF9D}.Debug|Any CPU.ActiveCfg = Debug|Any CPU
		{B987F0C6-64FF-497F-A49C-FF7CD929EF9D}.Debug|Any CPU.Build.0 = Debug|Any CPU
		{B987F0C6-64FF-497F-A49C-FF7CD929EF9D}.Release|Any CPU.ActiveCfg = Release|Any CPU
		{B987F0C6-64FF-497F-A49C-FF7CD929EF9D}.Release|Any CPU.Build.0 = Release|Any CPU
		{166DBDA4-9972-43F2-AB22-7FDEB5A55960}.Debug|Any CPU.ActiveCfg = Debug|Any CPU
		{166DBDA4-9972-43F2-AB22-7FDEB5A55960}.Debug|Any CPU.Build.0 = Debug|Any CPU
		{166DBDA4-9972-43F2-AB22-7FDEB5A55960}.Release|Any CPU.ActiveCfg = Release|Any CPU
		{166DBDA4-9972-43F2-AB22-7FDEB5A55960}.Release|Any CPU.Build.0 = Release|Any CPU
		{8B2991DE-6ACE-4420-BA10-055D79ACE282}.Debug|Any CPU.ActiveCfg = Debug|Any CPU
		{8B2991DE-6ACE-4420-BA10-055D79ACE282}.Debug|Any CPU.Build.0 = Debug|Any CPU
		{8B2991DE-6ACE-4420-BA10-055D79ACE282}.Release|Any CPU.ActiveCfg = Release|Any CPU
		{8B2991DE-6ACE-4420-BA10-055D79ACE282}.Release|Any CPU.Build.0 = Release|Any CPU
		{FA104216-7551-4B89-B76D-89240A03BD33}.Debug|Any CPU.ActiveCfg = Debug|Any CPU
		{FA104216-7551-4B89-B76D-89240A03BD33}.Debug|Any CPU.Build.0 = Debug|Any CPU
		{FA104216-7551-4B89-B76D-89240A03BD33}.Release|Any CPU.ActiveCfg = Release|Any CPU
		{FA104216-7551-4B89-B76D-89240A03BD33}.Release|Any CPU.Build.0 = Release|Any CPU
		{D9C9D125-A91E-4C72-B0CF-4C399395A202}.Debug|Any CPU.ActiveCfg = Debug|Any CPU
		{D9C9D125-A91E-4C72-B0CF-4C399395A202}.Debug|Any CPU.Build.0 = Debug|Any CPU
		{D9C9D125-A91E-4C72-B0CF-4C399395A202}.Release|Any CPU.ActiveCfg = Release|Any CPU
		{D9C9D125-A91E-4C72-B0CF-4C399395A202}.Release|Any CPU.Build.0 = Release|Any CPU
		{00BA4390-A290-4C4A-8D39-15BFCF99DB9F}.Debug|Any CPU.ActiveCfg = Debug|Any CPU
		{00BA4390-A290-4C4A-8D39-15BFCF99DB9F}.Debug|Any CPU.Build.0 = Debug|Any CPU
		{00BA4390-A290-4C4A-8D39-15BFCF99DB9F}.Release|Any CPU.ActiveCfg = Release|Any CPU
		{00BA4390-A290-4C4A-8D39-15BFCF99DB9F}.Release|Any CPU.Build.0 = Release|Any CPU
		{C72FE87B-1B69-4D21-95D0-469069ACAF21}.Debug|Any CPU.ActiveCfg = Debug|Any CPU
		{C72FE87B-1B69-4D21-95D0-469069ACAF21}.Debug|Any CPU.Build.0 = Debug|Any CPU
		{C72FE87B-1B69-4D21-95D0-469069ACAF21}.Release|Any CPU.ActiveCfg = Release|Any CPU
		{C72FE87B-1B69-4D21-95D0-469069ACAF21}.Release|Any CPU.Build.0 = Release|Any CPU
	EndGlobalSection
	GlobalSection(SolutionProperties) = preSolution
		HideSolutionNode = FALSE
	EndGlobalSection
	GlobalSection(ExtensibilityGlobals) = postSolution
		SolutionGuid = {87D5CBEB-3461-439D-A192-DC04358A0553}
	EndGlobalSection
EndGlobal
