
Microsoft Visual Studio Solution File, Format Version 12.00
# Visual Studio Version 16
VisualStudioVersion = 16.0.29728.190
MinimumVisualStudioVersion = 10.0.40219.1
Project("{FAE04EC0-301F-11D3-BF4B-00C04F79EFBC}") = "01. Dishwasher", "01. Dishwasher\01. Dishwasher.csproj", "{CB9CB11E-536C-4A88-89C2-A0FB0763A4FA}"
EndProject
Project("{FAE04EC0-301F-11D3-BF4B-00C04F79EFBC}") = "02. Report System", "02. Report System\02. Report System.csproj", "{92B0F764-E009-4FDD-A823-715903FE4431}"
EndProject
Project("{FAE04EC0-301F-11D3-BF4B-00C04F79EFBC}") = "03. Stream Of Letters", "03. Stream Of Letters\03. Stream Of Letters.csproj", "{285DD459-A1BE-4AB8-B6A8-BF83DC6DED2A}"
EndProject
Project("{FAE04EC0-301F-11D3-BF4B-00C04F79EFBC}") = "04. Numbers Divided by 3 Without Reminder", "04. Numbers Divided by 3 Without Reminder\04. Numbers Divided by 3 Without Reminder.csproj", "{1B5304B9-4A64-457D-8B27-E5FF05765C67}"
EndProject
Project("{FAE04EC0-301F-11D3-BF4B-00C04F79EFBC}") = "05. Average Number", "05. Average Number\05. Average Number.csproj", "{E3D41A90-5BB1-4507-9B8B-FE4D60B03C30}"
EndProject
Global
	GlobalSection(SolutionConfigurationPlatforms) = preSolution
		Debug|Any CPU = Debug|Any CPU
		Release|Any CPU = Release|Any CPU
	EndGlobalSection
	GlobalSection(ProjectConfigurationPlatforms) = postSolution
		{CB9CB11E-536C-4A88-89C2-A0FB0763A4FA}.Debug|Any CPU.ActiveCfg = Debug|Any CPU
		{CB9CB11E-536C-4A88-89C2-A0FB0763A4FA}.Debug|Any CPU.Build.0 = Debug|Any CPU
		{CB9CB11E-536C-4A88-89C2-A0FB0763A4FA}.Release|Any CPU.ActiveCfg = Release|Any CPU
		{CB9CB11E-536C-4A88-89C2-A0FB0763A4FA}.Release|Any CPU.Build.0 = Release|Any CPU
		{92B0F764-E009-4FDD-A823-715903FE4431}.Debug|Any CPU.ActiveCfg = Debug|Any CPU
		{92B0F764-E009-4FDD-A823-715903FE4431}.Debug|Any CPU.Build.0 = Debug|Any CPU
		{92B0F764-E009-4FDD-A823-715903FE4431}.Release|Any CPU.ActiveCfg = Release|Any CPU
		{92B0F764-E009-4FDD-A823-715903FE4431}.Release|Any CPU.Build.0 = Release|Any CPU
		{285DD459-A1BE-4AB8-B6A8-BF83DC6DED2A}.Debug|Any CPU.ActiveCfg = Debug|Any CPU
		{285DD459-A1BE-4AB8-B6A8-BF83DC6DED2A}.Debug|Any CPU.Build.0 = Debug|Any CPU
		{285DD459-A1BE-4AB8-B6A8-BF83DC6DED2A}.Release|Any CPU.ActiveCfg = Release|Any CPU
		{285DD459-A1BE-4AB8-B6A8-BF83DC6DED2A}.Release|Any CPU.Build.0 = Release|Any CPU
		{1B5304B9-4A64-457D-8B27-E5FF05765C67}.Debug|Any CPU.ActiveCfg = Debug|Any CPU
		{1B5304B9-4A64-457D-8B27-E5FF05765C67}.Debug|Any CPU.Build.0 = Debug|Any CPU
		{1B5304B9-4A64-457D-8B27-E5FF05765C67}.Release|Any CPU.ActiveCfg = Release|Any CPU
		{1B5304B9-4A64-457D-8B27-E5FF05765C67}.Release|Any CPU.Build.0 = Release|Any CPU
		{E3D41A90-5BB1-4507-9B8B-FE4D60B03C30}.Debug|Any CPU.ActiveCfg = Debug|Any CPU
		{E3D41A90-5BB1-4507-9B8B-FE4D60B03C30}.Debug|Any CPU.Build.0 = Debug|Any CPU
		{E3D41A90-5BB1-4507-9B8B-FE4D60B03C30}.Release|Any CPU.ActiveCfg = Release|Any CPU
		{E3D41A90-5BB1-4507-9B8B-FE4D60B03C30}.Release|Any CPU.Build.0 = Release|Any CPU
	EndGlobalSection
	GlobalSection(SolutionProperties) = preSolution
		HideSolutionNode = FALSE
	EndGlobalSection
	GlobalSection(ExtensibilityGlobals) = postSolution
		SolutionGuid = {A6FDF801-DE79-4B8F-9495-A253A1AC2CDA}
	EndGlobalSection
EndGlobal
